// !$*UTF8*$!
{
	archiveVersion = 1;
	classes = {
	};
	objectVersion = 50;
	objects = {

/* Begin PBXBuildFile section */
		AB8832B422F6D67B00D138A8 /* AppDelegate.swift in Sources */ = {isa = PBXBuildFile; fileRef = AB8832B322F6D67B00D138A8 /* AppDelegate.swift */; };
		AB8832B622F6D67B00D138A8 /* ViewController.swift in Sources */ = {isa = PBXBuildFile; fileRef = AB8832B522F6D67B00D138A8 /* ViewController.swift */; };
		AB8832B922F6D67B00D138A8 /* Main.storyboard in Resources */ = {isa = PBXBuildFile; fileRef = AB8832B722F6D67B00D138A8 /* Main.storyboard */; };
		AB8832BC22F6D67B00D138A8 /* guessTheFlag.xcdatamodeld in Sources */ = {isa = PBXBuildFile; fileRef = AB8832BA22F6D67B00D138A8 /* guessTheFlag.xcdatamodeld */; };
		AB8832BE22F6D67D00D138A8 /* Assets.xcassets in Resources */ = {isa = PBXBuildFile; fileRef = AB8832BD22F6D67D00D138A8 /* Assets.xcassets */; };
		AB8832C122F6D67D00D138A8 /* LaunchScreen.storyboard in Resources */ = {isa = PBXBuildFile; fileRef = AB8832BF22F6D67D00D138A8 /* LaunchScreen.storyboard */; };
/* End PBXBuildFile section */

/* Begin PBXFileReference section */
		AB8832B022F6D67B00D138A8 /* guessTheFlag.app */ = {isa = PBXFileReference; explicitFileType = wrapper.application; includeInIndex = 0; path = guessTheFlag.app; sourceTree = BUILT_PRODUCTS_DIR; };
		AB8832B322F6D67B00D138A8 /* AppDelegate.swift */ = {isa = PBXFileReference; lastKnownFileType = sourcecode.swift; path = AppDelegate.swift; sourceTree = "<group>"; };
		AB8832B522F6D67B00D138A8 /* ViewController.swift */ = {isa = PBXFileReference; lastKnownFileType = sourcecode.swift; path = ViewController.swift; sourceTree = "<group>"; };
		AB8832B822F6D67B00D138A8 /* Base */ = {isa = PBXFileReference; lastKnownFileType = file.storyboard; name = Base; path = Base.lproj/Main.storyboard; sourceTree = "<group>"; };
		AB8832BB22F6D67B00D138A8 /* guessTheFlag.xcdatamodel */ = {isa = PBXFileReference; lastKnownFileType = wrapper.xcdatamodel; path = guessTheFlag.xcdatamodel; sourceTree = "<group>"; };
		AB8832BD22F6D67D00D138A8 /* Assets.xcassets */ = {isa = PBXFileReference; lastKnownFileType = folder.assetcatalog; path = Assets.xcassets; sourceTree = "<group>"; };
		AB8832C022F6D67D00D138A8 /* Base */ = {isa = PBXFileReference; lastKnownFileType = file.storyboard; name = Base; path = Base.lproj/LaunchScreen.storyboard; sourceTree = "<group>"; };
		AB8832C222F6D67D00D138A8 /* Info.plist */ = {isa = PBXFileReference; lastKnownFileType = text.plist.xml; path = Info.plist; sourceTree = "<group>"; };
/* End PBXFileReference section */

/* Begin PBXFrameworksBuildPhase section */
		AB8832AD22F6D67B00D138A8 /* Frameworks */ = {
			isa = PBXFrameworksBuildPhase;
			buildActionMask = 2147483647;
			files = (
			);
			runOnlyForDeploymentPostprocessing = 0;
		};
/* End PBXFrameworksBuildPhase section */

/* Begin PBXGroup section */
		AB8832A722F6D67B00D138A8 = {
			isa = PBXGroup;
			children = (
				AB8832B222F6D67B00D138A8 /* guessTheFlag */,
				AB8832B122F6D67B00D138A8 /* Products */,
			);
			sourceTree = "<group>";
		};
		AB8832B122F6D67B00D138A8 /* Products */ = {
			isa = PBXGroup;
			children = (
				AB8832B022F6D67B00D138A8 /* guessTheFlag.app */,
			);
			name = Products;
			sourceTree = "<group>";
		};
		AB8832B222F6D67B00D138A8 /* guessTheFlag */ = {
			isa = PBXGroup;
			children = (
				AB8832B322F6D67B00D138A8 /* AppDelegate.swift */,
				AB8832B522F6D67B00D138A8 /* ViewController.swift */,
				AB8832B722F6D67B00D138A8 /* Main.storyboard */,
				AB8832BD22F6D67D00D138A8 /* Assets.xcassets */,
				AB8832BF22F6D67D00D138A8 /* LaunchScreen.storyboard */,
				AB8832C222F6D67D00D138A8 /* Info.plist */,
				AB8832BA22F6D67B00D138A8 /* guessTheFlag.xcdatamodeld */,
			);
			path = guessTheFlag;
			sourceTree = "<group>";
		};
/* End PBXGroup section */

/* Begin PBXNativeTarget section */
		AB8832AF22F6D67B00D138A8 /* guessTheFlag */ = {
			isa = PBXNativeTarget;
			buildConfigurationList = AB8832C522F6D67D00D138A8 /* Build configuration list for PBXNativeTarget "guessTheFlag" */;
			buildPhases = (
				AB8832AC22F6D67B00D138A8 /* Sources */,
				AB8832AD22F6D67B00D138A8 /* Frameworks */,
				AB8832AE22F6D67B00D138A8 /* Resources */,
			);
			buildRules = (
			);
			dependencies = (
			);
			name = guessTheFlag;
			productName = guessTheFlag;
			productReference = AB8832B022F6D67B00D138A8 /* guessTheFlag.app */;
			productType = "com.apple.product-type.application";
		};
/* End PBXNativeTarget section */

/* Begin PBXProject section */
		AB8832A822F6D67B00D138A8 /* Project object */ = {
			isa = PBXProject;
			attributes = {
				LastSwiftUpdateCheck = 1030;
				LastUpgradeCheck = 1030;
				ORGANIZATIONNAME = "Talha Ayar";
				TargetAttributes = {
					AB8832AF22F6D67B00D138A8 = {
						CreatedOnToolsVersion = 10.3;
					};
				};
			};
			buildConfigurationList = AB8832AB22F6D67B00D138A8 /* Build configuration list for PBXProject "guessTheFlag" */;
			compatibilityVersion = "Xcode 9.3";
			developmentRegion = en;
			hasScannedForEncodings = 0;
			knownRegions = (
				en,
				Base,
			);
			mainGroup = AB8832A722F6D67B00D138A8;
			productRefGroup = AB8832B122F6D67B00D138A8 /* Products */;
			projectDirPath = "";
			projectRoot = "";
			targets = (
				AB8832AF22F6D67B00D138A8 /* guessTheFlag */,
			);
		};
/* End PBXProject section */

/* Begin PBXResourcesBuildPhase section */
		AB8832AE22F6D67B00D138A8 /* Resources */ = {
			isa = PBXResourcesBuildPhase;
			buildActionMask = 2147483647;
			files = (
				AB8832C122F6D67D00D138A8 /* LaunchScreen.storyboard in Resources */,
				AB8832BE22F6D67D00D138A8 /* Assets.xcassets in Resources */,
				AB8832B922F6D67B00D138A8 /* Main.storyboard in Resources */,
			);
			runOnlyForDeploymentPostprocessing = 0;
		};
/* End PBXResourcesBuildPhase section */

/* Begin PBXSourcesBuildPhase section */
		AB8832AC22F6D67B00D138A8 /* Sources */ = {
			isa = PBXSourcesBuildPhase;
			buildActionMask = 2147483647;
			files = (
				AB8832B622F6D67B00D138A8 /* ViewController.swift in Sources */,
				AB8832B422F6D67B00D138A8 /* AppDelegate.swift in Sources */,
				AB8832BC22F6D67B00D138A8 /* guessTheFlag.xcdatamodeld in Sources */,
			);
			runOnlyForDeploymentPostprocessing = 0;
		};
/* End PBXSourcesBuildPhase section */

/* Begin PBXVariantGroup section */
		AB8832B722F6D67B00D138A8 /* Main.storyboard */ = {
			isa = PBXVariantGroup;
			children = (
				AB8832B822F6D67B00D138A8 /* Base */,
			);
			name = Main.storyboard;
			sourceTree = "<group>";
		};
		AB8832BF22F6D67D00D138A8 /* LaunchScreen.storyboard */ = {
			isa = PBXVariantGroup;
			children = (
				AB8832C022F6D67D00D138A8 /* Base */,
			);
			name = LaunchScreen.storyboard;
			sourceTree = "<group>";
		};
/* End PBXVariantGroup section */

/* Begin XCBuildConfiguration section */
		AB8832C322F6D67D00D138A8 /* Debug */ = {
			isa = XCBuildConfiguration;
			buildSettings = {
				ALWAYS_SEARCH_USER_PATHS = NO;
				CLANG_ANALYZER_NONNULL = YES;
				CLANG_ANALYZER_NUMBER_OBJECT_CONVERSION = YES_AGGRESSIVE;
				CLANG_CXX_LANGUAGE_STANDARD = "gnu++14";
				CLANG_CXX_LIBRARY = "libc++";
				CLANG_ENABLE_MODULES = YES;
				CLANG_ENABLE_OBJC_ARC = YES;
				CLANG_ENABLE_OBJC_WEAK = YES;
				CLANG_WARN_BLOCK_CAPTURE_AUTORELEASING = YES;
				CLANG_WARN_BOOL_CONVERSION = YES;
				CLANG_WARN_COMMA = YES;
				CLANG_WARN_CONSTANT_CONVERSION = YES;
				CLANG_WARN_DEPRECATED_OBJC_IMPLEMENTATIONS = YES;
				CLANG_WARN_DIRECT_OBJC_ISA_USAGE = YES_ERROR;
				CLANG_WARN_DOCUMENTATION_COMMENTS = YES;
				CLANG_WARN_EMPTY_BODY = YES;
				CLANG_WARN_ENUM_CONVERSION = YES;
				CLANG_WARN_INFINITE_RECURSION = YES;
				CLANG_WARN_INT_CONVERSION = YES;
				CLANG_WARN_NON_LITERAL_NULL_CONVERSION = YES;
				CLANG_WARN_OBJC_IMPLICIT_RETAIN_SELF = YES;
				CLANG_WARN_OBJC_LITERAL_CONVERSION = YES;
				CLANG_WARN_OBJC_ROOT_CLASS = YES_ERROR;
				CLANG_WARN_RANGE_LOOP_ANALYSIS = YES;
				CLANG_WARN_STRICT_PROTOTYPES = YES;
				CLANG_WARN_SUSPICIOUS_MOVE = YES;
				CLANG_WARN_UNGUARDED_AVAILABILITY = YES_AGGRESSIVE;
				CLANG_WARN_UNREACHABLE_CODE = YES;
				CLANG_WARN__DUPLICATE_METHOD_MATCH = YES;
				CODE_SIGN_IDENTITY = "iPhone Developer";
				COPY_PHASE_STRIP = NO;
				DEBUG_INFORMATION_FORMAT = dwarf;
				ENABLE_STRICT_OBJC_MSGSEND = YES;
				ENABLE_TESTABILITY = YES;
				GCC_C_LANGUAGE_STANDARD = gnu11;
				GCC_DYNAMIC_NO_PIC = NO;
				GCC_NO_COMMON_BLOCKS = YES;
				GCC_OPTIMIZATION_LEVEL = 0;
				GCC_PREPROCESSOR_DEFINITIONS = (
					"DEBUG=1",
					"$(inherited)",
				);
				GCC_WARN_64_TO_32_BIT_CONVERSION = YES;
				GCC_WARN_ABOUT_RETURN_TYPE = YES_ERROR;
				GCC_WARN_UNDECLARED_SELECTOR = YES;
				GCC_WARN_UNINITIALIZED_AUTOS = YES_AGGRESSIVE;
				GCC_WARN_UNUSED_FUNCTION = YES;
				GCC_WARN_UNUSED_VARIABLE = YES;
				IPHONEOS_DEPLOYMENT_TARGET = 12.4;
				MTL_ENABLE_DEBUG_INFO = INCLUDE_SOURCE;
				MTL_FAST_MATH = YES;
				ONLY_ACTIVE_ARCH = YES;
				SDKROOT = iphoneos;
				SWIFT_ACTIVE_COMPILATION_CONDITIONS = DEBUG;
				SWIFT_OPTIMIZATION_LEVEL = "-Onone";
			};
			name = Debug;
		};
		AB8832C422F6D67D00D138A8 /* Release */ = {
			isa = XCBuildConfiguration;
			buildSettings = {
				ALWAYS_SEARCH_USER_PATHS = NO;
				CLANG_ANALYZER_NONNULL = YES;
				CLANG_ANALYZER_NUMBER_OBJECT_CONVERSION = YES_AGGRESSIVE;
				CLANG_CXX_LANGUAGE_STANDARD = "gnu++14";
				CLANG_CXX_LIBRARY = "libc++";
				CLANG_ENABLE_MODULES = YES;
				CLANG_ENABLE_OBJC_ARC = YES;
				CLANG_ENABLE_OBJC_WEAK = YES;
				CLANG_WARN_BLOCK_CAPTURE_AUTORELEASING = YES;
				CLANG_WARN_BOOL_CONVERSION = YES;
				CLANG_WARN_COMMA = YES;
				CLANG_WARN_CONSTANT_CONVERSION = YES;
				CLANG_WARN_DEPRECATED_OBJC_IMPLEMENTATIONS = YES;
				CLANG_WARN_DIRECT_OBJC_ISA_USAGE = YES_ERROR;
				CLANG_WARN_DOCUMENTATION_COMMENTS = YES;
				CLANG_WARN_EMPTY_BODY = YES;
				CLANG_WARN_ENUM_CONVERSION = YES;
				CLANG_WARN_INFINITE_RECURSION = YES;
				CLANG_WARN_INT_CONVERSION = YES;
				CLANG_WARN_NON_LITERAL_NULL_CONVERSION = YES;
				CLANG_WARN_OBJC_IMPLICIT_RETAIN_SELF = YES;
				CLANG_WARN_OBJC_LITERAL_CONVERSION = YES;
				CLANG_WARN_OBJC_ROOT_CLASS = YES_ERROR;
				CLANG_WARN_RANGE_LOOP_ANALYSIS = YES;
				CLANG_WARN_STRICT_PROTOTYPES = YES;
				CLANG_WARN_SUSPICIOUS_MOVE = YES;
				CLANG_WARN_UNGUARDED_AVAILABILITY = YES_AGGRESSIVE;
				CLANG_WARN_UNREACHABLE_CODE = YES;
				CLANG_WARN__DUPLICATE_METHOD_MATCH = YES;
				CODE_SIGN_IDENTITY = "iPhone Developer";
				COPY_PHASE_STRIP = NO;
				DEBUG_INFORMATION_FORMAT = "dwarf-with-dsym";
				ENABLE_NS_ASSERTIONS = NO;
				ENABLE_STRICT_OBJC_MSGSEND = YES;
				GCC_C_LANGUAGE_STANDARD = gnu11;
				GCC_NO_COMMON_BLOCKS = YES;
				GCC_WARN_64_TO_32_BIT_CONVERSION = YES;
				GCC_WARN_ABOUT_RETURN_TYPE = YES_ERROR;
				GCC_WARN_UNDECLARED_SELECTOR = YES;
				GCC_WARN_UNINITIALIZED_AUTOS = YES_AGGRESSIVE;
				GCC_WARN_UNUSED_FUNCTION = YES;
				GCC_WARN_UNUSED_VARIABLE = YES;
				IPHONEOS_DEPLOYMENT_TARGET = 12.4;
				MTL_ENABLE_DEBUG_INFO = NO;
				MTL_FAST_MATH = YES;
				SDKROOT = iphoneos;
				SWIFT_COMPILATION_MODE = wholemodule;
				SWIFT_OPTIMIZATION_LEVEL = "-O";
				VALIDATE_PRODUCT = YES;
			};
			name = Release;
		};
		AB8832C622F6D67D00D138A8 /* Debug */ = {
			isa = XCBuildConfiguration;
			buildSettings = {
				ASSETCATALOG_COMPILER_APPICON_NAME = AppIcon;
				CODE_SIGN_STYLE = Automatic;
				DEVELOPMENT_TEAM = 739RCVJ22V;
				INFOPLIST_FILE = guessTheFlag/Info.plist;
				LD_RUNPATH_SEARCH_PATHS = (
					"$(inherited)",
					"@executable_path/Frameworks",
				);
				PRODUCT_BUNDLE_IDENTIFIER = naylalabs.guessTheFlag;
				PRODUCT_NAME = "$(TARGET_NAME)";
				SWIFT_VERSION = 5.0;
				TARGETED_DEVICE_FAMILY = "1,2";
			};
			name = Debug;
		};
		AB8832C722F6D67D00D138A8 /* Release */ = {
			isa = XCBuildConfiguration;
			buildSettings = {
				ASSETCATALOG_COMPILER_APPICON_NAME = AppIcon;
				CODE_SIGN_STYLE = Automatic;
				DEVELOPMENT_TEAM = 739RCVJ22V;
				INFOPLIST_FILE = guessTheFlag/Info.plist;
				LD_RUNPATH_SEARCH_PATHS = (
					"$(inherited)",
					"@executable_path/Frameworks",
				);
				PRODUCT_BUNDLE_IDENTIFIER = naylalabs.guessTheFlag;
				PRODUCT_NAME = "$(TARGET_NAME)";
				SWIFT_VERSION = 5.0;
				TARGETED_DEVICE_FAMILY = "1,2";
			};
			name = Release;
		};
/* End XCBuildConfiguration section */

/* Begin XCConfigurationList section */
		AB8832AB22F6D67B00D138A8 /* Build configuration list for PBXProject "guessTheFlag" */ = {
			isa = XCConfigurationList;
			buildConfigurations = (
				AB8832C322F6D67D00D138A8 /* Debug */,
				AB8832C422F6D67D00D138A8 /* Release */,
			);
			defaultConfigurationIsVisible = 0;
			defaultConfigurationName = Release;
		};
		AB8832C522F6D67D00D138A8 /* Build configuration list for PBXNativeTarget "guessTheFlag" */ = {
			isa = XCConfigurationList;
			buildConfigurations = (
				AB8832C622F6D67D00D138A8 /* Debug */,
				AB8832C722F6D67D00D138A8 /* Release */,
			);
			defaultConfigurationIsVisible = 0;
			defaultConfigurationName = Release;
		};
/* End XCConfigurationList section */

/* Begin XCVersionGroup section */
		AB8832BA22F6D67B00D138A8 /* guessTheFlag.xcdatamodeld */ = {
			isa = XCVersionGroup;
			children = (
				AB8832BB22F6D67B00D138A8 /* guessTheFlag.xcdatamodel */,
			);
			currentVersion = AB8832BB22F6D67B00D138A8 /* guessTheFlag.xcdatamodel */;
			path = guessTheFlag.xcdatamodeld;
			sourceTree = "<group>";
			versionGroupType = wrapper.xcdatamodel;
		};
/* End XCVersionGroup section */
	};
	rootObject = AB8832A822F6D67B00D138A8 /* Project object */;
}
